
Microsoft Visual Studio Solution File, Format Version 12.00
# Visual Studio Version 17
VisualStudioVersion = 17.9.34728.123
MinimumVisualStudioVersion = 10.0.40219.1
Project("{FAE04EC0-301F-11D3-BF4B-00C04F79EFBC}") = "HastaneYönetimSistemi", "HastaneYönetimSistemi\HastaneYönetimSistemi.csproj", "{83432688-CCAC-4104-BB35-0AF29A5C5A44}"
EndProject
Global
	GlobalSection(SolutionConfigurationPlatforms) = preSolution
		Debug|Any CPU = Debug|Any CPU
		Release|Any CPU = Release|Any CPU
	EndGlobalSection
	GlobalSection(ProjectConfigurationPlatforms) = postSolution
		{83432688-CCAC-4104-BB35-0AF29A5C5A44}.Debug|Any CPU.ActiveCfg = Debug|Any CPU
		{83432688-CCAC-4104-BB35-0AF29A5C5A44}.Debug|Any CPU.Build.0 = Debug|Any CPU
		{83432688-CCAC-4104-BB35-0AF29A5C5A44}.Release|Any CPU.ActiveCfg = Release|Any CPU
		{83432688-CCAC-4104-BB35-0AF29A5C5A44}.Release|Any CPU.Build.0 = Release|Any CPU
	EndGlobalSection
	GlobalSection(SolutionProperties) = preSolution
		HideSolutionNode = FALSE
	EndGlobalSection
	GlobalSection(ExtensibilityGlobals) = postSolution
		SolutionGuid = {6C321E56-D332-43CF-9B8E-D2E0A3E0765C}
	EndGlobalSection
EndGlobal
